// !$*UTF8*$!
{
	archiveVersion = 1;
	classes = {
	};
	objectVersion = 46;
	objects = {

/* Begin PBXBuildFile section */
		42F2314A216C341558F10F71 /* Pods_DaVinciCode.framework in Frameworks */ = {isa = PBXBuildFile; fileRef = 5AEE821C5E698B8D37EFFB69 /* Pods_DaVinciCode.framework */; };
		ED46A48C1F457872007B818B /* NumberChooseCollectionViewCell.swift in Sources */ = {isa = PBXBuildFile; fileRef = ED46A48B1F457872007B818B /* NumberChooseCollectionViewCell.swift */; };
		ED472B101F359D3900C987FB /* AppDelegate.swift in Sources */ = {isa = PBXBuildFile; fileRef = ED472B0F1F359D3900C987FB /* AppDelegate.swift */; };
		ED472B121F359D3900C987FB /* ViewController.swift in Sources */ = {isa = PBXBuildFile; fileRef = ED472B111F359D3900C987FB /* ViewController.swift */; };
		ED472B151F359D3900C987FB /* Main.storyboard in Resources */ = {isa = PBXBuildFile; fileRef = ED472B131F359D3900C987FB /* Main.storyboard */; };
		ED472B171F359D3900C987FB /* Assets.xcassets in Resources */ = {isa = PBXBuildFile; fileRef = ED472B161F359D3900C987FB /* Assets.xcassets */; };
		ED472B1A1F359D3900C987FB /* LaunchScreen.storyboard in Resources */ = {isa = PBXBuildFile; fileRef = ED472B181F359D3900C987FB /* LaunchScreen.storyboard */; };
		ED472B251F359D3900C987FB /* DaVinciCodeTests.swift in Sources */ = {isa = PBXBuildFile; fileRef = ED472B241F359D3900C987FB /* DaVinciCodeTests.swift */; };
		ED472B301F359D3900C987FB /* DaVinciCodeUITests.swift in Sources */ = {isa = PBXBuildFile; fileRef = ED472B2F1F359D3900C987FB /* DaVinciCodeUITests.swift */; };
		ED51B6161F383C2F00007C0C /* SocketClient.swift in Sources */ = {isa = PBXBuildFile; fileRef = ED51B6151F383C2F00007C0C /* SocketClient.swift */; };
		ED51B6181F383F0000007C0C /* MainGameViewController.swift in Sources */ = {isa = PBXBuildFile; fileRef = ED51B6171F383F0000007C0C /* MainGameViewController.swift */; };
/* End PBXBuildFile section */

/* Begin PBXContainerItemProxy section */
		ED472B211F359D3900C987FB /* PBXContainerItemProxy */ = {
			isa = PBXContainerItemProxy;
			containerPortal = ED472B041F359D3900C987FB /* Project object */;
			proxyType = 1;
			remoteGlobalIDString = ED472B0B1F359D3900C987FB;
			remoteInfo = DaVinciCode;
		};
		ED472B2C1F359D3900C987FB /* PBXContainerItemProxy */ = {
			isa = PBXContainerItemProxy;
			containerPortal = ED472B041F359D3900C987FB /* Project object */;
			proxyType = 1;
			remoteGlobalIDString = ED472B0B1F359D3900C987FB;
			remoteInfo = DaVinciCode;
		};
/* End PBXContainerItemProxy section */

/* Begin PBXFileReference section */
		47B34CF99F5B118983D0718E /* Pods-DaVinciCode.release.xcconfig */ = {isa = PBXFileReference; includeInIndex = 1; lastKnownFileType = text.xcconfig; name = "Pods-DaVinciCode.release.xcconfig"; path = "Pods/Target Support Files/Pods-DaVinciCode/Pods-DaVinciCode.release.xcconfig"; sourceTree = "<group>"; };
		5AEE821C5E698B8D37EFFB69 /* Pods_DaVinciCode.framework */ = {isa = PBXFileReference; explicitFileType = wrapper.framework; includeInIndex = 0; path = Pods_DaVinciCode.framework; sourceTree = BUILT_PRODUCTS_DIR; };
		ED46A48B1F457872007B818B /* NumberChooseCollectionViewCell.swift */ = {isa = PBXFileReference; fileEncoding = 4; lastKnownFileType = sourcecode.swift; path = NumberChooseCollectionViewCell.swift; sourceTree = "<group>"; };
		ED472B0C1F359D3900C987FB /* DaVinciCode.app */ = {isa = PBXFileReference; explicitFileType = wrapper.application; includeInIndex = 0; path = DaVinciCode.app; sourceTree = BUILT_PRODUCTS_DIR; };
		ED472B0F1F359D3900C987FB /* AppDelegate.swift */ = {isa = PBXFileReference; lastKnownFileType = sourcecode.swift; path = AppDelegate.swift; sourceTree = "<group>"; };
		ED472B111F359D3900C987FB /* ViewController.swift */ = {isa = PBXFileReference; lastKnownFileType = sourcecode.swift; path = ViewController.swift; sourceTree = "<group>"; };
		ED472B141F359D3900C987FB /* Base */ = {isa = PBXFileReference; lastKnownFileType = file.storyboard; name = Base; path = Base.lproj/Main.storyboard; sourceTree = "<group>"; };
		ED472B161F359D3900C987FB /* Assets.xcassets */ = {isa = PBXFileReference; lastKnownFileType = folder.assetcatalog; path = Assets.xcassets; sourceTree = "<group>"; };
		ED472B191F359D3900C987FB /* Base */ = {isa = PBXFileReference; lastKnownFileType = file.storyboard; name = Base; path = Base.lproj/LaunchScreen.storyboard; sourceTree = "<group>"; };
		ED472B1B1F359D3900C987FB /* Info.plist */ = {isa = PBXFileReference; lastKnownFileType = text.plist.xml; path = Info.plist; sourceTree = "<group>"; };
		ED472B201F359D3900C987FB /* DaVinciCodeTests.xctest */ = {isa = PBXFileReference; explicitFileType = wrapper.cfbundle; includeInIndex = 0; path = DaVinciCodeTests.xctest; sourceTree = BUILT_PRODUCTS_DIR; };
		ED472B241F359D3900C987FB /* DaVinciCodeTests.swift */ = {isa = PBXFileReference; lastKnownFileType = sourcecode.swift; path = DaVinciCodeTests.swift; sourceTree = "<group>"; };
		ED472B261F359D3900C987FB /* Info.plist */ = {isa = PBXFileReference; lastKnownFileType = text.plist.xml; path = Info.plist; sourceTree = "<group>"; };
		ED472B2B1F359D3900C987FB /* DaVinciCodeUITests.xctest */ = {isa = PBXFileReference; explicitFileType = wrapper.cfbundle; includeInIndex = 0; path = DaVinciCodeUITests.xctest; sourceTree = BUILT_PRODUCTS_DIR; };
		ED472B2F1F359D3900C987FB /* DaVinciCodeUITests.swift */ = {isa = PBXFileReference; lastKnownFileType = sourcecode.swift; path = DaVinciCodeUITests.swift; sourceTree = "<group>"; };
		ED472B311F359D3900C987FB /* Info.plist */ = {isa = PBXFileReference; lastKnownFileType = text.plist.xml; path = Info.plist; sourceTree = "<group>"; };
		ED51B6151F383C2F00007C0C /* SocketClient.swift */ = {isa = PBXFileReference; fileEncoding = 4; lastKnownFileType = sourcecode.swift; path = SocketClient.swift; sourceTree = "<group>"; };
		ED51B6171F383F0000007C0C /* MainGameViewController.swift */ = {isa = PBXFileReference; fileEncoding = 4; lastKnownFileType = sourcecode.swift; path = MainGameViewController.swift; sourceTree = "<group>"; };
		F044725AC5A2C9E71ED52D12 /* Pods-DaVinciCode.debug.xcconfig */ = {isa = PBXFileReference; includeInIndex = 1; lastKnownFileType = text.xcconfig; name = "Pods-DaVinciCode.debug.xcconfig"; path = "Pods/Target Support Files/Pods-DaVinciCode/Pods-DaVinciCode.debug.xcconfig"; sourceTree = "<group>"; };
/* End PBXFileReference section */

/* Begin PBXFrameworksBuildPhase section */
		ED472B091F359D3900C987FB /* Frameworks */ = {
			isa = PBXFrameworksBuildPhase;
			buildActionMask = 2147483647;
			files = (
				42F2314A216C341558F10F71 /* Pods_DaVinciCode.framework in Frameworks */,
			);
			runOnlyForDeploymentPostprocessing = 0;
		};
		ED472B1D1F359D3900C987FB /* Frameworks */ = {
			isa = PBXFrameworksBuildPhase;
			buildActionMask = 2147483647;
			files = (
			);
			runOnlyForDeploymentPostprocessing = 0;
		};
		ED472B281F359D3900C987FB /* Frameworks */ = {
			isa = PBXFrameworksBuildPhase;
			buildActionMask = 2147483647;
			files = (
			);
			runOnlyForDeploymentPostprocessing = 0;
		};
/* End PBXFrameworksBuildPhase section */

/* Begin PBXGroup section */
		67663B428CFF8B11F1A1B419 /* Pods */ = {
			isa = PBXGroup;
			children = (
				F044725AC5A2C9E71ED52D12 /* Pods-DaVinciCode.debug.xcconfig */,
				47B34CF99F5B118983D0718E /* Pods-DaVinciCode.release.xcconfig */,
			);
			name = Pods;
			sourceTree = "<group>";
		};
		D9F6F449648689934A5FBDA9 /* Frameworks */ = {
			isa = PBXGroup;
			children = (
				5AEE821C5E698B8D37EFFB69 /* Pods_DaVinciCode.framework */,
			);
			name = Frameworks;
			sourceTree = "<group>";
		};
		ED472B031F359D3900C987FB = {
			isa = PBXGroup;
			children = (
				ED472B0E1F359D3900C987FB /* DaVinciCode */,
				ED472B231F359D3900C987FB /* DaVinciCodeTests */,
				ED472B2E1F359D3900C987FB /* DaVinciCodeUITests */,
				ED472B0D1F359D3900C987FB /* Products */,
				67663B428CFF8B11F1A1B419 /* Pods */,
				D9F6F449648689934A5FBDA9 /* Frameworks */,
			);
			sourceTree = "<group>";
		};
		ED472B0D1F359D3900C987FB /* Products */ = {
			isa = PBXGroup;
			children = (
				ED472B0C1F359D3900C987FB /* DaVinciCode.app */,
				ED472B201F359D3900C987FB /* DaVinciCodeTests.xctest */,
				ED472B2B1F359D3900C987FB /* DaVinciCodeUITests.xctest */,
			);
			name = Products;
			sourceTree = "<group>";
		};
		ED472B0E1F359D3900C987FB /* DaVinciCode */ = {
			isa = PBXGroup;
			children = (
				ED472B0F1F359D3900C987FB /* AppDelegate.swift */,
				ED472B111F359D3900C987FB /* ViewController.swift */,
				ED472B131F359D3900C987FB /* Main.storyboard */,
				ED472B161F359D3900C987FB /* Assets.xcassets */,
				ED472B181F359D3900C987FB /* LaunchScreen.storyboard */,
				ED472B1B1F359D3900C987FB /* Info.plist */,
				ED51B6151F383C2F00007C0C /* SocketClient.swift */,
				ED51B6171F383F0000007C0C /* MainGameViewController.swift */,
				ED46A48B1F457872007B818B /* NumberChooseCollectionViewCell.swift */,
			);
			path = DaVinciCode;
			sourceTree = "<group>";
		};
		ED472B231F359D3900C987FB /* DaVinciCodeTests */ = {
			isa = PBXGroup;
			children = (
				ED472B241F359D3900C987FB /* DaVinciCodeTests.swift */,
				ED472B261F359D3900C987FB /* Info.plist */,
			);
			path = DaVinciCodeTests;
			sourceTree = "<group>";
		};
		ED472B2E1F359D3900C987FB /* DaVinciCodeUITests */ = {
			isa = PBXGroup;
			children = (
				ED472B2F1F359D3900C987FB /* DaVinciCodeUITests.swift */,
				ED472B311F359D3900C987FB /* Info.plist */,
			);
			path = DaVinciCodeUITests;
			sourceTree = "<group>";
		};
/* End PBXGroup section */

/* Begin PBXNativeTarget section */
		ED472B0B1F359D3900C987FB /* DaVinciCode */ = {
			isa = PBXNativeTarget;
			buildConfigurationList = ED472B341F359D3900C987FB /* Build configuration list for PBXNativeTarget "DaVinciCode" */;
			buildPhases = (
				4005800C79D25FDA9FDC63FF /* [CP] Check Pods Manifest.lock */,
				ED472B081F359D3900C987FB /* Sources */,
				ED472B091F359D3900C987FB /* Frameworks */,
				ED472B0A1F359D3900C987FB /* Resources */,
				421EEEEA028E9EDA0D8E91EF /* [CP] Embed Pods Frameworks */,
				90E84893FBDBEB51724499D2 /* [CP] Copy Pods Resources */,
			);
			buildRules = (
			);
			dependencies = (
			);
			name = DaVinciCode;
			productName = DaVinciCode;
			productReference = ED472B0C1F359D3900C987FB /* DaVinciCode.app */;
			productType = "com.apple.product-type.application";
		};
		ED472B1F1F359D3900C987FB /* DaVinciCodeTests */ = {
			isa = PBXNativeTarget;
			buildConfigurationList = ED472B371F359D3900C987FB /* Build configuration list for PBXNativeTarget "DaVinciCodeTests" */;
			buildPhases = (
				ED472B1C1F359D3900C987FB /* Sources */,
				ED472B1D1F359D3900C987FB /* Frameworks */,
				ED472B1E1F359D3900C987FB /* Resources */,
			);
			buildRules = (
			);
			dependencies = (
				ED472B221F359D3900C987FB /* PBXTargetDependency */,
			);
			name = DaVinciCodeTests;
			productName = DaVinciCodeTests;
			productReference = ED472B201F359D3900C987FB /* DaVinciCodeTests.xctest */;
			productType = "com.apple.product-type.bundle.unit-test";
		};
		ED472B2A1F359D3900C987FB /* DaVinciCodeUITests */ = {
			isa = PBXNativeTarget;
			buildConfigurationList = ED472B3A1F359D3900C987FB /* Build configuration list for PBXNativeTarget "DaVinciCodeUITests" */;
			buildPhases = (
				ED472B271F359D3900C987FB /* Sources */,
				ED472B281F359D3900C987FB /* Frameworks */,
				ED472B291F359D3900C987FB /* Resources */,
			);
			buildRules = (
			);
			dependencies = (
				ED472B2D1F359D3900C987FB /* PBXTargetDependency */,
			);
			name = DaVinciCodeUITests;
			productName = DaVinciCodeUITests;
			productReference = ED472B2B1F359D3900C987FB /* DaVinciCodeUITests.xctest */;
			productType = "com.apple.product-type.bundle.ui-testing";
		};
/* End PBXNativeTarget section */

/* Begin PBXProject section */
		ED472B041F359D3900C987FB /* Project object */ = {
			isa = PBXProject;
			attributes = {
				LastSwiftUpdateCheck = 0830;
				LastUpgradeCheck = 0830;
				ORGANIZATIONNAME = martin;
				TargetAttributes = {
					ED472B0B1F359D3900C987FB = {
						CreatedOnToolsVersion = 8.3.3;
						DevelopmentTeam = 37DXBWQK86;
						ProvisioningStyle = Automatic;
					};
					ED472B1F1F359D3900C987FB = {
						CreatedOnToolsVersion = 8.3.3;
						DevelopmentTeam = 37DXBWQK86;
						ProvisioningStyle = Automatic;
						TestTargetID = ED472B0B1F359D3900C987FB;
					};
					ED472B2A1F359D3900C987FB = {
						CreatedOnToolsVersion = 8.3.3;
						DevelopmentTeam = 37DXBWQK86;
						ProvisioningStyle = Automatic;
						TestTargetID = ED472B0B1F359D3900C987FB;
					};
				};
			};
			buildConfigurationList = ED472B071F359D3900C987FB /* Build configuration list for PBXProject "DaVinciCode" */;
			compatibilityVersion = "Xcode 3.2";
			developmentRegion = English;
			hasScannedForEncodings = 0;
			knownRegions = (
				en,
				Base,
			);
			mainGroup = ED472B031F359D3900C987FB;
			productRefGroup = ED472B0D1F359D3900C987FB /* Products */;
			projectDirPath = "";
			projectRoot = "";
			targets = (
				ED472B0B1F359D3900C987FB /* DaVinciCode */,
				ED472B1F1F359D3900C987FB /* DaVinciCodeTests */,
				ED472B2A1F359D3900C987FB /* DaVinciCodeUITests */,
			);
		};
/* End PBXProject section */

/* Begin PBXResourcesBuildPhase section */
		ED472B0A1F359D3900C987FB /* Resources */ = {
			isa = PBXResourcesBuildPhase;
			buildActionMask = 2147483647;
			files = (
				ED472B1A1F359D3900C987FB /* LaunchScreen.storyboard in Resources */,
				ED472B171F359D3900C987FB /* Assets.xcassets in Resources */,
				ED472B151F359D3900C987FB /* Main.storyboard in Resources */,
			);
			runOnlyForDeploymentPostprocessing = 0;
		};
		ED472B1E1F359D3900C987FB /* Resources */ = {
			isa = PBXResourcesBuildPhase;
			buildActionMask = 2147483647;
			files = (
			);
			runOnlyForDeploymentPostprocessing = 0;
		};
		ED472B291F359D3900C987FB /* Resources */ = {
			isa = PBXResourcesBuildPhase;
			buildActionMask = 2147483647;
			files = (
			);
			runOnlyForDeploymentPostprocessing = 0;
		};
/* End PBXResourcesBuildPhase section */

/* Begin PBXShellScriptBuildPhase section */
		4005800C79D25FDA9FDC63FF /* [CP] Check Pods Manifest.lock */ = {
			isa = PBXShellScriptBuildPhase;
			buildActionMask = 2147483647;
			files = (
			);
			inputPaths = (
			);
			name = "[CP] Check Pods Manifest.lock";
			outputPaths = (
			);
			runOnlyForDeploymentPostprocessing = 0;
			shellPath = /bin/sh;
			shellScript = "diff \"${PODS_PODFILE_DIR_PATH}/Podfile.lock\" \"${PODS_ROOT}/Manifest.lock\" > /dev/null\nif [ $? != 0 ] ; then\n    # print error to STDERR\n    echo \"error: The sandbox is not in sync with the Podfile.lock. Run 'pod install' or update your CocoaPods installation.\" >&2\n    exit 1\nfi\n";
			showEnvVarsInLog = 0;
		};
		421EEEEA028E9EDA0D8E91EF /* [CP] Embed Pods Frameworks */ = {
			isa = PBXShellScriptBuildPhase;
			buildActionMask = 2147483647;
			files = (
			);
			inputPaths = (
			);
			name = "[CP] Embed Pods Frameworks";
			outputPaths = (
			);
			runOnlyForDeploymentPostprocessing = 0;
			shellPath = /bin/sh;
			shellScript = "\"${SRCROOT}/Pods/Target Support Files/Pods-DaVinciCode/Pods-DaVinciCode-frameworks.sh\"\n";
			showEnvVarsInLog = 0;
		};
		90E84893FBDBEB51724499D2 /* [CP] Copy Pods Resources */ = {
			isa = PBXShellScriptBuildPhase;
			buildActionMask = 2147483647;
			files = (
			);
			inputPaths = (
			);
			name = "[CP] Copy Pods Resources";
			outputPaths = (
			);
			runOnlyForDeploymentPostprocessing = 0;
			shellPath = /bin/sh;
			shellScript = "\"${SRCROOT}/Pods/Target Support Files/Pods-DaVinciCode/Pods-DaVinciCode-resources.sh\"\n";
			showEnvVarsInLog = 0;
		};
/* End PBXShellScriptBuildPhase section */

/* Begin PBXSourcesBuildPhase section */
		ED472B081F359D3900C987FB /* Sources */ = {
			isa = PBXSourcesBuildPhase;
			buildActionMask = 2147483647;
			files = (
				ED472B121F359D3900C987FB /* ViewController.swift in Sources */,
				ED51B6181F383F0000007C0C /* MainGameViewController.swift in Sources */,
				ED46A48C1F457872007B818B /* NumberChooseCollectionViewCell.swift in Sources */,
				ED472B101F359D3900C987FB /* AppDelegate.swift in Sources */,
				ED51B6161F383C2F00007C0C /* SocketClient.swift in Sources */,
			);
			runOnlyForDeploymentPostprocessing = 0;
		};
		ED472B1C1F359D3900C987FB /* Sources */ = {
			isa = PBXSourcesBuildPhase;
			buildActionMask = 2147483647;
			files = (
				ED472B251F359D3900C987FB /* DaVinciCodeTests.swift in Sources */,
			);
			runOnlyForDeploymentPostprocessing = 0;
		};
		ED472B271F359D3900C987FB /* Sources */ = {
			isa = PBXSourcesBuildPhase;
			buildActionMask = 2147483647;
			files = (
				ED472B301F359D3900C987FB /* DaVinciCodeUITests.swift in Sources */,
			);
			runOnlyForDeploymentPostprocessing = 0;
		};
/* End PBXSourcesBuildPhase section */

/* Begin PBXTargetDependency section */
		ED472B221F359D3900C987FB /* PBXTargetDependency */ = {
			isa = PBXTargetDependency;
			target = ED472B0B1F359D3900C987FB /* DaVinciCode */;
			targetProxy = ED472B211F359D3900C987FB /* PBXContainerItemProxy */;
		};
		ED472B2D1F359D3900C987FB /* PBXTargetDependency */ = {
			isa = PBXTargetDependency;
			target = ED472B0B1F359D3900C987FB /* DaVinciCode */;
			targetProxy = ED472B2C1F359D3900C987FB /* PBXContainerItemProxy */;
		};
/* End PBXTargetDependency section */

/* Begin PBXVariantGroup section */
		ED472B131F359D3900C987FB /* Main.storyboard */ = {
			isa = PBXVariantGroup;
			children = (
				ED472B141F359D3900C987FB /* Base */,
			);
			name = Main.storyboard;
			sourceTree = "<group>";
		};
		ED472B181F359D3900C987FB /* LaunchScreen.storyboard */ = {
			isa = PBXVariantGroup;
			children = (
				ED472B191F359D3900C987FB /* Base */,
			);
			name = LaunchScreen.storyboard;
			sourceTree = "<group>";
		};
/* End PBXVariantGroup section */

/* Begin XCBuildConfiguration section */
		ED472B321F359D3900C987FB /* Debug */ = {
			isa = XCBuildConfiguration;
			buildSettings = {
				ALWAYS_SEARCH_USER_PATHS = NO;
				CLANG_ANALYZER_NONNULL = YES;
				CLANG_ANALYZER_NUMBER_OBJECT_CONVERSION = YES_AGGRESSIVE;
				CLANG_CXX_LANGUAGE_STANDARD = "gnu++0x";
				CLANG_CXX_LIBRARY = "libc++";
				CLANG_ENABLE_MODULES = YES;
				CLANG_ENABLE_OBJC_ARC = YES;
				CLANG_WARN_BOOL_CONVERSION = YES;
				CLANG_WARN_CONSTANT_CONVERSION = YES;
				CLANG_WARN_DIRECT_OBJC_ISA_USAGE = YES_ERROR;
				CLANG_WARN_DOCUMENTATION_COMMENTS = YES;
				CLANG_WARN_EMPTY_BODY = YES;
				CLANG_WARN_ENUM_CONVERSION = YES;
				CLANG_WARN_INFINITE_RECURSION = YES;
				CLANG_WARN_INT_CONVERSION = YES;
				CLANG_WARN_OBJC_ROOT_CLASS = YES_ERROR;
				CLANG_WARN_SUSPICIOUS_MOVE = YES;
				CLANG_WARN_UNREACHABLE_CODE = YES;
				CLANG_WARN__DUPLICATE_METHOD_MATCH = YES;
				"CODE_SIGN_IDENTITY[sdk=iphoneos*]" = "iPhone Developer";
				COPY_PHASE_STRIP = NO;
				DEBUG_INFORMATION_FORMAT = dwarf;
				ENABLE_STRICT_OBJC_MSGSEND = YES;
				ENABLE_TESTABILITY = YES;
				GCC_C_LANGUAGE_STANDARD = gnu99;
				GCC_DYNAMIC_NO_PIC = NO;
				GCC_NO_COMMON_BLOCKS = YES;
				GCC_OPTIMIZATION_LEVEL = 0;
				GCC_PREPROCESSOR_DEFINITIONS = (
					"DEBUG=1",
					"$(inherited)",
				);
				GCC_WARN_64_TO_32_BIT_CONVERSION = YES;
				GCC_WARN_ABOUT_RETURN_TYPE = YES_ERROR;
				GCC_WARN_UNDECLARED_SELECTOR = YES;
				GCC_WARN_UNINITIALIZED_AUTOS = YES_AGGRESSIVE;
				GCC_WARN_UNUSED_FUNCTION = YES;
				GCC_WARN_UNUSED_VARIABLE = YES;
				IPHONEOS_DEPLOYMENT_TARGET = 10.3;
				MTL_ENABLE_DEBUG_INFO = YES;
				ONLY_ACTIVE_ARCH = YES;
				SDKROOT = iphoneos;
				SWIFT_ACTIVE_COMPILATION_CONDITIONS = DEBUG;
				SWIFT_OPTIMIZATION_LEVEL = "-Onone";
				TARGETED_DEVICE_FAMILY = "1,2";
			};
			name = Debug;
		};
		ED472B331F359D3900C987FB /* Release */ = {
			isa = XCBuildConfiguration;
			buildSettings = {
				ALWAYS_SEARCH_USER_PATHS = NO;
				CLANG_ANALYZER_NONNULL = YES;
				CLANG_ANALYZER_NUMBER_OBJECT_CONVERSION = YES_AGGRESSIVE;
				CLANG_CXX_LANGUAGE_STANDARD = "gnu++0x";
				CLANG_CXX_LIBRARY = "libc++";
				CLANG_ENABLE_MODULES = YES;
				CLANG_ENABLE_OBJC_ARC = YES;
				CLANG_WARN_BOOL_CONVERSION = YES;
				CLANG_WARN_CONSTANT_CONVERSION = YES;
				CLANG_WARN_DIRECT_OBJC_ISA_USAGE = YES_ERROR;
				CLANG_WARN_DOCUMENTATION_COMMENTS = YES;
				CLANG_WARN_EMPTY_BODY = YES;
				CLANG_WARN_ENUM_CONVERSION = YES;
				CLANG_WARN_INFINITE_RECURSION = YES;
				CLANG_WARN_INT_CONVERSION = YES;
				CLANG_WARN_OBJC_ROOT_CLASS = YES_ERROR;
				CLANG_WARN_SUSPICIOUS_MOVE = YES;
				CLANG_WARN_UNREACHABLE_CODE = YES;
				CLANG_WARN__DUPLICATE_METHOD_MATCH = YES;
				"CODE_SIGN_IDENTITY[sdk=iphoneos*]" = "iPhone Developer";
				COPY_PHASE_STRIP = NO;
				DEBUG_INFORMATION_FORMAT = "dwarf-with-dsym";
				ENABLE_NS_ASSERTIONS = NO;
				ENABLE_STRICT_OBJC_MSGSEND = YES;
				GCC_C_LANGUAGE_STANDARD = gnu99;
				GCC_NO_COMMON_BLOCKS = YES;
				GCC_WARN_64_TO_32_BIT_CONVERSION = YES;
				GCC_WARN_ABOUT_RETURN_TYPE = YES_ERROR;
				GCC_WARN_UNDECLARED_SELECTOR = YES;
				GCC_WARN_UNINITIALIZED_AUTOS = YES_AGGRESSIVE;
				GCC_WARN_UNUSED_FUNCTION = YES;
				GCC_WARN_UNUSED_VARIABLE = YES;
				IPHONEOS_DEPLOYMENT_TARGET = 10.3;
				MTL_ENABLE_DEBUG_INFO = NO;
				SDKROOT = iphoneos;
				SWIFT_OPTIMIZATION_LEVEL = "-Owholemodule";
				TARGETED_DEVICE_FAMILY = "1,2";
				VALIDATE_PRODUCT = YES;
			};
			name = Release;
		};
		ED472B351F359D3900C987FB /* Debug */ = {
			isa = XCBuildConfiguration;
			baseConfigurationReference = F044725AC5A2C9E71ED52D12 /* Pods-DaVinciCode.debug.xcconfig */;
			buildSettings = {
				ASSETCATALOG_COMPILER_APPICON_NAME = AppIcon;
				DEVELOPMENT_TEAM = 37DXBWQK86;
				INFOPLIST_FILE = DaVinciCode/Info.plist;
				IPHONEOS_DEPLOYMENT_TARGET = 8.0;
				LD_RUNPATH_SEARCH_PATHS = "$(inherited) @executable_path/Frameworks";
				PRODUCT_BUNDLE_IDENTIFIER = com.liyue.DaVinciCode;
				PRODUCT_NAME = "$(TARGET_NAME)";
				SWIFT_VERSION = 3.0;
			};
			name = Debug;
		};
		ED472B361F359D3900C987FB /* Release */ = {
			isa = XCBuildConfiguration;
			baseConfigurationReference = 47B34CF99F5B118983D0718E /* Pods-DaVinciCode.release.xcconfig */;
			buildSettings = {
				ASSETCATALOG_COMPILER_APPICON_NAME = AppIcon;
				DEVELOPMENT_TEAM = 37DXBWQK86;
				INFOPLIST_FILE = DaVinciCode/Info.plist;
				IPHONEOS_DEPLOYMENT_TARGET = 8.0;
				LD_RUNPATH_SEARCH_PATHS = "$(inherited) @executable_path/Frameworks";
				PRODUCT_BUNDLE_IDENTIFIER = com.liyue.DaVinciCode;
				PRODUCT_NAME = "$(TARGET_NAME)";
				SWIFT_VERSION = 3.0;
			};
			name = Release;
		};
		ED472B381F359D3900C987FB /* Debug */ = {
			isa = XCBuildConfiguration;
			buildSettings = {
				ALWAYS_EMBED_SWIFT_STANDARD_LIBRARIES = YES;
				BUNDLE_LOADER = "$(TEST_HOST)";
				DEVELOPMENT_TEAM = 37DXBWQK86;
				INFOPLIST_FILE = DaVinciCodeTests/Info.plist;
				LD_RUNPATH_SEARCH_PATHS = "$(inherited) @executable_path/Frameworks @loader_path/Frameworks";
				PRODUCT_BUNDLE_IDENTIFIER = com.liyue.DaVinciCode.DaVinciCodeTests;
				PRODUCT_NAME = "$(TARGET_NAME)";
				SWIFT_VERSION = 3.0;
				TEST_HOST = "$(BUILT_PRODUCTS_DIR)/DaVinciCode.app/DaVinciCode";
			};
			name = Debug;
		};
		ED472B391F359D3900C987FB /* Release */ = {
			isa = XCBuildConfiguration;
			buildSettings = {
				ALWAYS_EMBED_SWIFT_STANDARD_LIBRARIES = YES;
				BUNDLE_LOADER = "$(TEST_HOST)";
				DEVELOPMENT_TEAM = 37DXBWQK86;
				INFOPLIST_FILE = DaVinciCodeTests/Info.plist;
				LD_RUNPATH_SEARCH_PATHS = "$(inherited) @executable_path/Frameworks @loader_path/Frameworks";
				PRODUCT_BUNDLE_IDENTIFIER = com.liyue.DaVinciCode.DaVinciCodeTests;
				PRODUCT_NAME = "$(TARGET_NAME)";
				SWIFT_VERSION = 3.0;
				TEST_HOST = "$(BUILT_PRODUCTS_DIR)/DaVinciCode.app/DaVinciCode";
			};
			name = Release;
		};
		ED472B3B1F359D3900C987FB /* Debug */ = {
			isa = XCBuildConfiguration;
			buildSettings = {
				ALWAYS_EMBED_SWIFT_STANDARD_LIBRARIES = YES;
				DEVELOPMENT_TEAM = 37DXBWQK86;
				INFOPLIST_FILE = DaVinciCodeUITests/Info.plist;
				LD_RUNPATH_SEARCH_PATHS = "$(inherited) @executable_path/Frameworks @loader_path/Frameworks";
				PRODUCT_BUNDLE_IDENTIFIER = com.liyue.DaVinciCode.DaVinciCodeUITests;
				PRODUCT_NAME = "$(TARGET_NAME)";
				SWIFT_VERSION = 3.0;
				TEST_TARGET_NAME = DaVinciCode;
			};
			name = Debug;
		};
		ED472B3C1F359D3900C987FB /* Release */ = {
			isa = XCBuildConfiguration;
			buildSettings = {
				ALWAYS_EMBED_SWIFT_STANDARD_LIBRARIES = YES;
				DEVELOPMENT_TEAM = 37DXBWQK86;
				INFOPLIST_FILE = DaVinciCodeUITests/Info.plist;
				LD_RUNPATH_SEARCH_PATHS = "$(inherited) @executable_path/Frameworks @loader_path/Frameworks";
				PRODUCT_BUNDLE_IDENTIFIER = com.liyue.DaVinciCode.DaVinciCodeUITests;
				PRODUCT_NAME = "$(TARGET_NAME)";
				SWIFT_VERSION = 3.0;
				TEST_TARGET_NAME = DaVinciCode;
			};
			name = Release;
		};
/* End XCBuildConfiguration section */

/* Begin XCConfigurationList section */
		ED472B071F359D3900C987FB /* Build configuration list for PBXProject "DaVinciCode" */ = {
			isa = XCConfigurationList;
			buildConfigurations = (
				ED472B321F359D3900C987FB /* Debug */,
				ED472B331F359D3900C987FB /* Release */,
			);
			defaultConfigurationIsVisible = 0;
			defaultConfigurationName = Release;
		};
		ED472B341F359D3900C987FB /* Build configuration list for PBXNativeTarget "DaVinciCode" */ = {
			isa = XCConfigurationList;
			buildConfigurations = (
				ED472B351F359D3900C987FB /* Debug */,
				ED472B361F359D3900C987FB /* Release */,
			);
			defaultConfigurationIsVisible = 0;
			defaultConfigurationName = Release;
		};
		ED472B371F359D3900C987FB /* Build configuration list for PBXNativeTarget "DaVinciCodeTests" */ = {
			isa = XCConfigurationList;
			buildConfigurations = (
				ED472B381F359D3900C987FB /* Debug */,
				ED472B391F359D3900C987FB /* Release */,
			);
			defaultConfigurationIsVisible = 0;
			defaultConfigurationName = Release;
		};
		ED472B3A1F359D3900C987FB /* Build configuration list for PBXNativeTarget "DaVinciCodeUITests" */ = {
			isa = XCConfigurationList;
			buildConfigurations = (
				ED472B3B1F359D3900C987FB /* Debug */,
				ED472B3C1F359D3900C987FB /* Release */,
			);
			defaultConfigurationIsVisible = 0;
			defaultConfigurationName = Release;
		};
/* End XCConfigurationList section */
	};
	rootObject = ED472B041F359D3900C987FB /* Project object */;
}
